{
  "name": "NClass",
  "lockfileVersion": 2,
  "requires": true,
  "packages": {
    "": {
      "dependencies": {
        "bourbon": "^7.2.0"
      }
    },
    "node_modules/bourbon": {
      "version": "7.2.0",
      "resolved": "https://registry.npmjs.org/bourbon/-/bourbon-7.2.0.tgz",
      "integrity": "sha512-Zx/lY/YzMkSyFC7yYPp9QcI2OCWnUHQdSrXvRtfnaUGT/edKNh44mVPYkP7QEyk6yQOLCJottsuTnidqKcpbNg=="
    }
  },
  "dependencies": {
    "bourbon": {
      "version": "7.2.0",
      "resolved": "https://registry.npmjs.org/bourbon/-/bourbon-7.2.0.tgz",
      "integrity": "sha512-Zx/lY/YzMkSyFC7yYPp9QcI2OCWnUHQdSrXvRtfnaUGT/edKNh44mVPYkP7QEyk6yQOLCJottsuTnidqKcpbNg=="
    }
  }
}
